
Microsoft Visual Studio Solution File, Format Version 12.00
# Visual Studio 15
VisualStudioVersion = 15.0.27130.2020
MinimumVisualStudioVersion = 10.0.40219.1
Project("{FAE04EC0-301F-11D3-BF4B-00C04F79EFBC}") = "TimeKeeper.DAL", "TimeKeeper.DAL\TimeKeeper.DAL.csproj", "{70B8FD2B-BDF2-41F9-B0C2-CE752AB1129E}"
EndProject
Project("{FAE04EC0-301F-11D3-BF4B-00C04F79EFBC}") = "TimeKeeper.Seed", "TimeKeeper.Seed\TimeKeeper.Seed.csproj", "{039448CD-7A4B-4C09-AA87-1654E2D572EF}"
EndProject
Project("{FAE04EC0-301F-11D3-BF4B-00C04F79EFBC}") = "TimeKeeper.API", "TimeKeeper.API\TimeKeeper.API.csproj", "{0C9FDD60-0249-4899-8AED-3ADC8F0A75E3}"
EndProject
Project("{FAE04EC0-301F-11D3-BF4B-00C04F79EFBC}") = "TimeKeeper.Test", "TimeKeeper.Test\TimeKeeper.Test.csproj", "{C323CA61-5A2C-4169-BCDF-CA3A1B22766D}"
EndProject
Project("{FAE04EC0-301F-11D3-BF4B-00C04F79EFBC}") = "TimeKeeper.Utility", "Utility\TimeKeeper.Utility.csproj", "{7E4467FA-6B3F-4848-9AF6-D1890BC45851}"
EndProject
Project("{FAE04EC0-301F-11D3-BF4B-00C04F79EFBC}") = "TimeKeeper.OAuth", "TimeKeeper.OAuth\TimeKeeper.OAuth.csproj", "{2F9B69FC-2936-4170-9055-3B684C4750D1}"
EndProject
Global
	GlobalSection(SolutionConfigurationPlatforms) = preSolution
		Debug|Any CPU = Debug|Any CPU
		Release|Any CPU = Release|Any CPU
	EndGlobalSection
	GlobalSection(ProjectConfigurationPlatforms) = postSolution
		{70B8FD2B-BDF2-41F9-B0C2-CE752AB1129E}.Debug|Any CPU.ActiveCfg = Debug|Any CPU
		{70B8FD2B-BDF2-41F9-B0C2-CE752AB1129E}.Debug|Any CPU.Build.0 = Debug|Any CPU
		{70B8FD2B-BDF2-41F9-B0C2-CE752AB1129E}.Release|Any CPU.ActiveCfg = Release|Any CPU
		{70B8FD2B-BDF2-41F9-B0C2-CE752AB1129E}.Release|Any CPU.Build.0 = Release|Any CPU
		{039448CD-7A4B-4C09-AA87-1654E2D572EF}.Debug|Any CPU.ActiveCfg = Debug|Any CPU
		{039448CD-7A4B-4C09-AA87-1654E2D572EF}.Debug|Any CPU.Build.0 = Debug|Any CPU
		{039448CD-7A4B-4C09-AA87-1654E2D572EF}.Release|Any CPU.ActiveCfg = Release|Any CPU
		{039448CD-7A4B-4C09-AA87-1654E2D572EF}.Release|Any CPU.Build.0 = Release|Any CPU
		{0C9FDD60-0249-4899-8AED-3ADC8F0A75E3}.Debug|Any CPU.ActiveCfg = Debug|Any CPU
		{0C9FDD60-0249-4899-8AED-3ADC8F0A75E3}.Debug|Any CPU.Build.0 = Debug|Any CPU
		{0C9FDD60-0249-4899-8AED-3ADC8F0A75E3}.Release|Any CPU.ActiveCfg = Release|Any CPU
		{0C9FDD60-0249-4899-8AED-3ADC8F0A75E3}.Release|Any CPU.Build.0 = Release|Any CPU
		{C323CA61-5A2C-4169-BCDF-CA3A1B22766D}.Debug|Any CPU.ActiveCfg = Debug|Any CPU
		{C323CA61-5A2C-4169-BCDF-CA3A1B22766D}.Debug|Any CPU.Build.0 = Debug|Any CPU
		{C323CA61-5A2C-4169-BCDF-CA3A1B22766D}.Release|Any CPU.ActiveCfg = Release|Any CPU
		{C323CA61-5A2C-4169-BCDF-CA3A1B22766D}.Release|Any CPU.Build.0 = Release|Any CPU
		{7E4467FA-6B3F-4848-9AF6-D1890BC45851}.Debug|Any CPU.ActiveCfg = Debug|Any CPU
		{7E4467FA-6B3F-4848-9AF6-D1890BC45851}.Debug|Any CPU.Build.0 = Debug|Any CPU
		{7E4467FA-6B3F-4848-9AF6-D1890BC45851}.Release|Any CPU.ActiveCfg = Release|Any CPU
		{7E4467FA-6B3F-4848-9AF6-D1890BC45851}.Release|Any CPU.Build.0 = Release|Any CPU
		{2F9B69FC-2936-4170-9055-3B684C4750D1}.Debug|Any CPU.ActiveCfg = Debug|Any CPU
		{2F9B69FC-2936-4170-9055-3B684C4750D1}.Debug|Any CPU.Build.0 = Debug|Any CPU
		{2F9B69FC-2936-4170-9055-3B684C4750D1}.Release|Any CPU.ActiveCfg = Release|Any CPU
		{2F9B69FC-2936-4170-9055-3B684C4750D1}.Release|Any CPU.Build.0 = Release|Any CPU
	EndGlobalSection
	GlobalSection(SolutionProperties) = preSolution
		HideSolutionNode = FALSE
	EndGlobalSection
	GlobalSection(ExtensibilityGlobals) = postSolution
		SolutionGuid = {BFFFAA99-73A5-4E6D-98A8-6E3EF56E7F4C}
	EndGlobalSection
EndGlobal
